// !$*UTF8*$!
{
	archiveVersion = 1;
	classes = {
	};
	objectVersion = 51;
	objects = {

/* Begin PBXBuildFile section */
		6673E51E934ECDEBE462188A /* Pods_SOPT_WEEK1.framework in Frameworks */ = {isa = PBXBuildFile; fileRef = 4C8FFF97F6D3688199B87158 /* Pods_SOPT_WEEK1.framework */; };
		771FB902264EB5FB0079BCF2 /* LoginRequest.swift in Sources */ = {isa = PBXBuildFile; fileRef = 771FB901264EB5FB0079BCF2 /* LoginRequest.swift */; };
		771FB905264EB61D0079BCF2 /* LoginResponse.swift in Sources */ = {isa = PBXBuildFile; fileRef = 771FB904264EB61D0079BCF2 /* LoginResponse.swift */; };
		771FB908264EB74E0079BCF2 /* UIViewController.swift in Sources */ = {isa = PBXBuildFile; fileRef = 771FB907264EB74E0079BCF2 /* UIViewController.swift */; };
		771FB90C264EB77C0079BCF2 /* LoginDataManager.swift in Sources */ = {isa = PBXBuildFile; fileRef = 771FB90B264EB77C0079BCF2 /* LoginDataManager.swift */; };
		771FB910264EB7CA0079BCF2 /* Constants.swift in Sources */ = {isa = PBXBuildFile; fileRef = 771FB90F264EB7CA0079BCF2 /* Constants.swift */; };
		771FB914264EC0D50079BCF2 /* JoinDataManager.swift in Sources */ = {isa = PBXBuildFile; fileRef = 771FB913264EC0D50079BCF2 /* JoinDataManager.swift */; };
		771FB917264EC0EF0079BCF2 /* JoinRequest.swift in Sources */ = {isa = PBXBuildFile; fileRef = 771FB916264EC0EF0079BCF2 /* JoinRequest.swift */; };
		771FB91A264EC0F70079BCF2 /* JoinResponse.swift in Sources */ = {isa = PBXBuildFile; fileRef = 771FB919264EC0F70079BCF2 /* JoinResponse.swift */; };
		774E4AD92632FD0B00641784 /* MessageViewController.swift in Sources */ = {isa = PBXBuildFile; fileRef = 774E4AD82632FD0B00641784 /* MessageViewController.swift */; };
		774E4ADC2632FD1900641784 /* HashViewController.swift in Sources */ = {isa = PBXBuildFile; fileRef = 774E4ADB2632FD1900641784 /* HashViewController.swift */; };
		774E4ADF2632FD4100641784 /* ShoppingViewController.swift in Sources */ = {isa = PBXBuildFile; fileRef = 774E4ADE2632FD4100641784 /* ShoppingViewController.swift */; };
		774E4AE22632FD4D00641784 /* EtcViewController.swift in Sources */ = {isa = PBXBuildFile; fileRef = 774E4AE12632FD4D00641784 /* EtcViewController.swift */; };
		774E4AE52632FE8C00641784 /* ProfileViewController.swift in Sources */ = {isa = PBXBuildFile; fileRef = 774E4AE42632FE8C00641784 /* ProfileViewController.swift */; };
		774E4AE92632FF4B00641784 /* UIColor.swift in Sources */ = {isa = PBXBuildFile; fileRef = 774E4AE82632FF4B00641784 /* UIColor.swift */; };
		77551EE7264572C1003E8133 /* etcDataModel.swift in Sources */ = {isa = PBXBuildFile; fileRef = 77551EE6264572C1003E8133 /* etcDataModel.swift */; };
		77551EEC26457621003E8133 /* etcCollectionViewCell.swift in Sources */ = {isa = PBXBuildFile; fileRef = 77551EEA26457621003E8133 /* etcCollectionViewCell.swift */; };
		77551EED26457621003E8133 /* etcCollectionViewCell.xib in Resources */ = {isa = PBXBuildFile; fileRef = 77551EEB26457621003E8133 /* etcCollectionViewCell.xib */; };
		77551EF02645827E003E8133 /* FriendDataModel.swift in Sources */ = {isa = PBXBuildFile; fileRef = 77551EEF2645827E003E8133 /* FriendDataModel.swift */; };
		77551EF4264582CF003E8133 /* FriendTableViewCell.swift in Sources */ = {isa = PBXBuildFile; fileRef = 77551EF2264582CF003E8133 /* FriendTableViewCell.swift */; };
		77551EF5264582CF003E8133 /* FriendTableViewCell.xib in Resources */ = {isa = PBXBuildFile; fileRef = 77551EF3264582CF003E8133 /* FriendTableViewCell.xib */; };
		77924FF726203AD9001E8003 /* AppDelegate.swift in Sources */ = {isa = PBXBuildFile; fileRef = 77924FF626203AD9001E8003 /* AppDelegate.swift */; };
		77924FF926203AD9001E8003 /* SceneDelegate.swift in Sources */ = {isa = PBXBuildFile; fileRef = 77924FF826203AD9001E8003 /* SceneDelegate.swift */; };
		77924FFB26203AD9001E8003 /* ViewController.swift in Sources */ = {isa = PBXBuildFile; fileRef = 77924FFA26203AD9001E8003 /* ViewController.swift */; };
		77924FFE26203AD9001E8003 /* Main.storyboard in Resources */ = {isa = PBXBuildFile; fileRef = 77924FFC26203AD9001E8003 /* Main.storyboard */; };
		7792500026203ADB001E8003 /* Assets.xcassets in Resources */ = {isa = PBXBuildFile; fileRef = 77924FFF26203ADB001E8003 /* Assets.xcassets */; };
		7792500326203ADB001E8003 /* LaunchScreen.storyboard in Resources */ = {isa = PBXBuildFile; fileRef = 7792500126203ADB001E8003 /* LaunchScreen.storyboard */; };
		7792500C26204CE1001E8003 /* LoginViewController.swift in Sources */ = {isa = PBXBuildFile; fileRef = 7792500B26204CE1001E8003 /* LoginViewController.swift */; };
		7792501026204D0D001E8003 /* JoinViewController.swift in Sources */ = {isa = PBXBuildFile; fileRef = 7792500F26204D0D001E8003 /* JoinViewController.swift */; };
/* End PBXBuildFile section */

/* Begin PBXFileReference section */
		0930D6631B2DE81DFD4D4230 /* Pods-SOPT_WEEK1.release.xcconfig */ = {isa = PBXFileReference; includeInIndex = 1; lastKnownFileType = text.xcconfig; name = "Pods-SOPT_WEEK1.release.xcconfig"; path = "Target Support Files/Pods-SOPT_WEEK1/Pods-SOPT_WEEK1.release.xcconfig"; sourceTree = "<group>"; };
		227BE1D54B3B65ECCCB36905 /* Pods-SOPT_WEEK1.debug.xcconfig */ = {isa = PBXFileReference; includeInIndex = 1; lastKnownFileType = text.xcconfig; name = "Pods-SOPT_WEEK1.debug.xcconfig"; path = "Target Support Files/Pods-SOPT_WEEK1/Pods-SOPT_WEEK1.debug.xcconfig"; sourceTree = "<group>"; };
		4C8FFF97F6D3688199B87158 /* Pods_SOPT_WEEK1.framework */ = {isa = PBXFileReference; explicitFileType = wrapper.framework; includeInIndex = 0; path = Pods_SOPT_WEEK1.framework; sourceTree = BUILT_PRODUCTS_DIR; };
		771FB901264EB5FB0079BCF2 /* LoginRequest.swift */ = {isa = PBXFileReference; lastKnownFileType = sourcecode.swift; path = LoginRequest.swift; sourceTree = "<group>"; };
		771FB904264EB61D0079BCF2 /* LoginResponse.swift */ = {isa = PBXFileReference; lastKnownFileType = sourcecode.swift; path = LoginResponse.swift; sourceTree = "<group>"; };
		771FB907264EB74E0079BCF2 /* UIViewController.swift */ = {isa = PBXFileReference; lastKnownFileType = sourcecode.swift; path = UIViewController.swift; sourceTree = "<group>"; };
		771FB90B264EB77C0079BCF2 /* LoginDataManager.swift */ = {isa = PBXFileReference; lastKnownFileType = sourcecode.swift; path = LoginDataManager.swift; sourceTree = "<group>"; };
		771FB90F264EB7CA0079BCF2 /* Constants.swift */ = {isa = PBXFileReference; lastKnownFileType = sourcecode.swift; path = Constants.swift; sourceTree = "<group>"; };
		771FB913264EC0D50079BCF2 /* JoinDataManager.swift */ = {isa = PBXFileReference; lastKnownFileType = sourcecode.swift; path = JoinDataManager.swift; sourceTree = "<group>"; };
		771FB916264EC0EF0079BCF2 /* JoinRequest.swift */ = {isa = PBXFileReference; lastKnownFileType = sourcecode.swift; path = JoinRequest.swift; sourceTree = "<group>"; };
		771FB919264EC0F70079BCF2 /* JoinResponse.swift */ = {isa = PBXFileReference; lastKnownFileType = sourcecode.swift; path = JoinResponse.swift; sourceTree = "<group>"; };
		774E4AD82632FD0B00641784 /* MessageViewController.swift */ = {isa = PBXFileReference; lastKnownFileType = sourcecode.swift; path = MessageViewController.swift; sourceTree = "<group>"; };
		774E4ADB2632FD1900641784 /* HashViewController.swift */ = {isa = PBXFileReference; lastKnownFileType = sourcecode.swift; path = HashViewController.swift; sourceTree = "<group>"; };
		774E4ADE2632FD4100641784 /* ShoppingViewController.swift */ = {isa = PBXFileReference; lastKnownFileType = sourcecode.swift; path = ShoppingViewController.swift; sourceTree = "<group>"; };
		774E4AE12632FD4D00641784 /* EtcViewController.swift */ = {isa = PBXFileReference; lastKnownFileType = sourcecode.swift; path = EtcViewController.swift; sourceTree = "<group>"; };
		774E4AE42632FE8C00641784 /* ProfileViewController.swift */ = {isa = PBXFileReference; lastKnownFileType = sourcecode.swift; path = ProfileViewController.swift; sourceTree = "<group>"; };
		774E4AE82632FF4B00641784 /* UIColor.swift */ = {isa = PBXFileReference; lastKnownFileType = sourcecode.swift; path = UIColor.swift; sourceTree = "<group>"; };
		77551EE6264572C1003E8133 /* etcDataModel.swift */ = {isa = PBXFileReference; lastKnownFileType = sourcecode.swift; path = etcDataModel.swift; sourceTree = "<group>"; };
		77551EEA26457621003E8133 /* etcCollectionViewCell.swift */ = {isa = PBXFileReference; lastKnownFileType = sourcecode.swift; path = etcCollectionViewCell.swift; sourceTree = "<group>"; };
		77551EEB26457621003E8133 /* etcCollectionViewCell.xib */ = {isa = PBXFileReference; lastKnownFileType = file.xib; path = etcCollectionViewCell.xib; sourceTree = "<group>"; };
		77551EEF2645827E003E8133 /* FriendDataModel.swift */ = {isa = PBXFileReference; lastKnownFileType = sourcecode.swift; path = FriendDataModel.swift; sourceTree = "<group>"; };
		77551EF2264582CF003E8133 /* FriendTableViewCell.swift */ = {isa = PBXFileReference; lastKnownFileType = sourcecode.swift; path = FriendTableViewCell.swift; sourceTree = "<group>"; };
		77551EF3264582CF003E8133 /* FriendTableViewCell.xib */ = {isa = PBXFileReference; lastKnownFileType = file.xib; path = FriendTableViewCell.xib; sourceTree = "<group>"; };
		77924FF326203AD9001E8003 /* SOPT_WEEK1.app */ = {isa = PBXFileReference; explicitFileType = wrapper.application; includeInIndex = 0; path = SOPT_WEEK1.app; sourceTree = BUILT_PRODUCTS_DIR; };
		77924FF626203AD9001E8003 /* AppDelegate.swift */ = {isa = PBXFileReference; lastKnownFileType = sourcecode.swift; path = AppDelegate.swift; sourceTree = "<group>"; };
		77924FF826203AD9001E8003 /* SceneDelegate.swift */ = {isa = PBXFileReference; lastKnownFileType = sourcecode.swift; path = SceneDelegate.swift; sourceTree = "<group>"; };
		77924FFA26203AD9001E8003 /* ViewController.swift */ = {isa = PBXFileReference; lastKnownFileType = sourcecode.swift; path = ViewController.swift; sourceTree = "<group>"; };
		77924FFD26203AD9001E8003 /* Base */ = {isa = PBXFileReference; lastKnownFileType = file.storyboard; name = Base; path = Base.lproj/Main.storyboard; sourceTree = "<group>"; };
		77924FFF26203ADB001E8003 /* Assets.xcassets */ = {isa = PBXFileReference; lastKnownFileType = folder.assetcatalog; path = Assets.xcassets; sourceTree = "<group>"; };
		7792500226203ADB001E8003 /* Base */ = {isa = PBXFileReference; lastKnownFileType = file.storyboard; name = Base; path = Base.lproj/LaunchScreen.storyboard; sourceTree = "<group>"; };
		7792500426203ADB001E8003 /* Info.plist */ = {isa = PBXFileReference; lastKnownFileType = text.plist.xml; path = Info.plist; sourceTree = "<group>"; };
		7792500B26204CE1001E8003 /* LoginViewController.swift */ = {isa = PBXFileReference; lastKnownFileType = sourcecode.swift; path = LoginViewController.swift; sourceTree = "<group>"; };
		7792500F26204D0D001E8003 /* JoinViewController.swift */ = {isa = PBXFileReference; lastKnownFileType = sourcecode.swift; path = JoinViewController.swift; sourceTree = "<group>"; };
/* End PBXFileReference section */

/* Begin PBXFrameworksBuildPhase section */
		77924FF026203AD9001E8003 /* Frameworks */ = {
			isa = PBXFrameworksBuildPhase;
			buildActionMask = 2147483647;
			files = (
				6673E51E934ECDEBE462188A /* Pods_SOPT_WEEK1.framework in Frameworks */,
			);
			runOnlyForDeploymentPostprocessing = 0;
		};
/* End PBXFrameworksBuildPhase section */

/* Begin PBXGroup section */
		1FFCFDCDF5C99FAB65F5F65C /* Pods */ = {
			isa = PBXGroup;
			children = (
				227BE1D54B3B65ECCCB36905 /* Pods-SOPT_WEEK1.debug.xcconfig */,
				0930D6631B2DE81DFD4D4230 /* Pods-SOPT_WEEK1.release.xcconfig */,
			);
			path = Pods;
			sourceTree = "<group>";
		};
		771FB90A264EB7630079BCF2 /* DataManager */ = {
			isa = PBXGroup;
			children = (
				771FB90F264EB7CA0079BCF2 /* Constants.swift */,
				771FB90B264EB77C0079BCF2 /* LoginDataManager.swift */,
				771FB913264EC0D50079BCF2 /* JoinDataManager.swift */,
			);
			path = DataManager;
			sourceTree = "<group>";
		};
		774E4AE72632FF3F00641784 /* Extension */ = {
			isa = PBXGroup;
			children = (
				774E4AE82632FF4B00641784 /* UIColor.swift */,
				771FB907264EB74E0079BCF2 /* UIViewController.swift */,
			);
			path = Extension;
			sourceTree = "<group>";
		};
		77551EE52645721E003E8133 /* Struct */ = {
			isa = PBXGroup;
			children = (
				77551EE6264572C1003E8133 /* etcDataModel.swift */,
				77551EEF2645827E003E8133 /* FriendDataModel.swift */,
				771FB901264EB5FB0079BCF2 /* LoginRequest.swift */,
				771FB904264EB61D0079BCF2 /* LoginResponse.swift */,
				771FB916264EC0EF0079BCF2 /* JoinRequest.swift */,
				771FB919264EC0F70079BCF2 /* JoinResponse.swift */,
			);
			path = Struct;
			sourceTree = "<group>";
		};
		77551EE92645760E003E8133 /* Cell */ = {
			isa = PBXGroup;
			children = (
				77551EEA26457621003E8133 /* etcCollectionViewCell.swift */,
				77551EEB26457621003E8133 /* etcCollectionViewCell.xib */,
				77551EF2264582CF003E8133 /* FriendTableViewCell.swift */,
				77551EF3264582CF003E8133 /* FriendTableViewCell.xib */,
			);
			path = Cell;
			sourceTree = "<group>";
		};
		77924FEA26203AD9001E8003 = {
			isa = PBXGroup;
			children = (
				77924FF526203AD9001E8003 /* SOPT_WEEK1 */,
				77924FF426203AD9001E8003 /* Products */,
				1FFCFDCDF5C99FAB65F5F65C /* Pods */,
				AB3C47468308648D26E78333 /* Frameworks */,
			);
			sourceTree = "<group>";
		};
		77924FF426203AD9001E8003 /* Products */ = {
			isa = PBXGroup;
			children = (
				77924FF326203AD9001E8003 /* SOPT_WEEK1.app */,
			);
			name = Products;
			sourceTree = "<group>";
		};
		77924FF526203AD9001E8003 /* SOPT_WEEK1 */ = {
			isa = PBXGroup;
			children = (
				771FB90A264EB7630079BCF2 /* DataManager */,
				77551EE92645760E003E8133 /* Cell */,
				77551EE52645721E003E8133 /* Struct */,
				774E4AE72632FF3F00641784 /* Extension */,
				77924FF626203AD9001E8003 /* AppDelegate.swift */,
				77924FF826203AD9001E8003 /* SceneDelegate.swift */,
				77924FFC26203AD9001E8003 /* Main.storyboard */,
				77924FFF26203ADB001E8003 /* Assets.xcassets */,
				7792500126203ADB001E8003 /* LaunchScreen.storyboard */,
				7792500426203ADB001E8003 /* Info.plist */,
				77924FFA26203AD9001E8003 /* ViewController.swift */,
				7792500B26204CE1001E8003 /* LoginViewController.swift */,
				774E4AD82632FD0B00641784 /* MessageViewController.swift */,
				7792500F26204D0D001E8003 /* JoinViewController.swift */,
				774E4ADB2632FD1900641784 /* HashViewController.swift */,
				774E4ADE2632FD4100641784 /* ShoppingViewController.swift */,
				774E4AE12632FD4D00641784 /* EtcViewController.swift */,
				774E4AE42632FE8C00641784 /* ProfileViewController.swift */,
			);
			path = SOPT_WEEK1;
			sourceTree = "<group>";
		};
		AB3C47468308648D26E78333 /* Frameworks */ = {
			isa = PBXGroup;
			children = (
				4C8FFF97F6D3688199B87158 /* Pods_SOPT_WEEK1.framework */,
			);
			name = Frameworks;
			sourceTree = "<group>";
		};
/* End PBXGroup section */

/* Begin PBXNativeTarget section */
		77924FF226203AD9001E8003 /* SOPT_WEEK1 */ = {
			isa = PBXNativeTarget;
			buildConfigurationList = 7792500726203ADB001E8003 /* Build configuration list for PBXNativeTarget "SOPT_WEEK1" */;
			buildPhases = (
				3487797DBD921217AF7B1CE8 /* [CP] Check Pods Manifest.lock */,
				77924FEF26203AD9001E8003 /* Sources */,
				77924FF026203AD9001E8003 /* Frameworks */,
				77924FF126203AD9001E8003 /* Resources */,
				EECC9132B26680D4E089F8DA /* [CP] Embed Pods Frameworks */,
			);
			buildRules = (
			);
			dependencies = (
			);
			name = SOPT_WEEK1;
			productName = SOPT_WEEK1;
			productReference = 77924FF326203AD9001E8003 /* SOPT_WEEK1.app */;
			productType = "com.apple.product-type.application";
		};
/* End PBXNativeTarget section */

/* Begin PBXProject section */
		77924FEB26203AD9001E8003 /* Project object */ = {
			isa = PBXProject;
			attributes = {
				LastSwiftUpdateCheck = 1240;
				LastUpgradeCheck = 1240;
				TargetAttributes = {
					77924FF226203AD9001E8003 = {
						CreatedOnToolsVersion = 12.4;
					};
				};
			};
			buildConfigurationList = 77924FEE26203AD9001E8003 /* Build configuration list for PBXProject "SOPT_WEEK1" */;
			compatibilityVersion = "Xcode 9.3";
			developmentRegion = en;
			hasScannedForEncodings = 0;
			knownRegions = (
				en,
				Base,
			);
			mainGroup = 77924FEA26203AD9001E8003;
			productRefGroup = 77924FF426203AD9001E8003 /* Products */;
			projectDirPath = "";
			projectRoot = "";
			targets = (
				77924FF226203AD9001E8003 /* SOPT_WEEK1 */,
			);
		};
/* End PBXProject section */

/* Begin PBXResourcesBuildPhase section */
		77924FF126203AD9001E8003 /* Resources */ = {
			isa = PBXResourcesBuildPhase;
			buildActionMask = 2147483647;
			files = (
				77551EF5264582CF003E8133 /* FriendTableViewCell.xib in Resources */,
				7792500326203ADB001E8003 /* LaunchScreen.storyboard in Resources */,
				77551EED26457621003E8133 /* etcCollectionViewCell.xib in Resources */,
				7792500026203ADB001E8003 /* Assets.xcassets in Resources */,
				77924FFE26203AD9001E8003 /* Main.storyboard in Resources */,
			);
			runOnlyForDeploymentPostprocessing = 0;
		};
/* End PBXResourcesBuildPhase section */

/* Begin PBXShellScriptBuildPhase section */
		3487797DBD921217AF7B1CE8 /* [CP] Check Pods Manifest.lock */ = {
			isa = PBXShellScriptBuildPhase;
			buildActionMask = 2147483647;
			files = (
			);
			inputFileListPaths = (
			);
			inputPaths = (
				"${PODS_PODFILE_DIR_PATH}/Podfile.lock",
				"${PODS_ROOT}/Manifest.lock",
			);
			name = "[CP] Check Pods Manifest.lock";
			outputFileListPaths = (
			);
			outputPaths = (
				"$(DERIVED_FILE_DIR)/Pods-SOPT_WEEK1-checkManifestLockResult.txt",
			);
			runOnlyForDeploymentPostprocessing = 0;
			shellPath = /bin/sh;
			shellScript = "diff \"${PODS_PODFILE_DIR_PATH}/Podfile.lock\" \"${PODS_ROOT}/Manifest.lock\" > /dev/null\nif [ $? != 0 ] ; then\n    # print error to STDERR\n    echo \"error: The sandbox is not in sync with the Podfile.lock. Run 'pod install' or update your CocoaPods installation.\" >&2\n    exit 1\nfi\n# This output is used by Xcode 'outputs' to avoid re-running this script phase.\necho \"SUCCESS\" > \"${SCRIPT_OUTPUT_FILE_0}\"\n";
			showEnvVarsInLog = 0;
		};
		EECC9132B26680D4E089F8DA /* [CP] Embed Pods Frameworks */ = {
			isa = PBXShellScriptBuildPhase;
			buildActionMask = 2147483647;
			files = (
			);
			inputFileListPaths = (
				"${PODS_ROOT}/Target Support Files/Pods-SOPT_WEEK1/Pods-SOPT_WEEK1-frameworks-${CONFIGURATION}-input-files.xcfilelist",
			);
			name = "[CP] Embed Pods Frameworks";
			outputFileListPaths = (
				"${PODS_ROOT}/Target Support Files/Pods-SOPT_WEEK1/Pods-SOPT_WEEK1-frameworks-${CONFIGURATION}-output-files.xcfilelist",
			);
			runOnlyForDeploymentPostprocessing = 0;
			shellPath = /bin/sh;
			shellScript = "\"${PODS_ROOT}/Target Support Files/Pods-SOPT_WEEK1/Pods-SOPT_WEEK1-frameworks.sh\"\n";
			showEnvVarsInLog = 0;
		};
/* End PBXShellScriptBuildPhase section */

/* Begin PBXSourcesBuildPhase section */
		77924FEF26203AD9001E8003 /* Sources */ = {
			isa = PBXSourcesBuildPhase;
			buildActionMask = 2147483647;
			files = (
				7792500C26204CE1001E8003 /* LoginViewController.swift in Sources */,
				77924FFB26203AD9001E8003 /* ViewController.swift in Sources */,
				771FB908264EB74E0079BCF2 /* UIViewController.swift in Sources */,
				774E4AE52632FE8C00641784 /* ProfileViewController.swift in Sources */,
				774E4ADC2632FD1900641784 /* HashViewController.swift in Sources */,
				77551EEC26457621003E8133 /* etcCollectionViewCell.swift in Sources */,
				774E4AE22632FD4D00641784 /* EtcViewController.swift in Sources */,
				77924FF726203AD9001E8003 /* AppDelegate.swift in Sources */,
				77551EF02645827E003E8133 /* FriendDataModel.swift in Sources */,
				7792501026204D0D001E8003 /* JoinViewController.swift in Sources */,
				774E4AE92632FF4B00641784 /* UIColor.swift in Sources */,
				771FB917264EC0EF0079BCF2 /* JoinRequest.swift in Sources */,
				77551EE7264572C1003E8133 /* etcDataModel.swift in Sources */,
				774E4AD92632FD0B00641784 /* MessageViewController.swift in Sources */,
				77551EF4264582CF003E8133 /* FriendTableViewCell.swift in Sources */,
				771FB914264EC0D50079BCF2 /* JoinDataManager.swift in Sources */,
				774E4ADF2632FD4100641784 /* ShoppingViewController.swift in Sources */,
				771FB910264EB7CA0079BCF2 /* Constants.swift in Sources */,
				771FB90C264EB77C0079BCF2 /* LoginDataManager.swift in Sources */,
				77924FF926203AD9001E8003 /* SceneDelegate.swift in Sources */,
				771FB905264EB61D0079BCF2 /* LoginResponse.swift in Sources */,
				771FB902264EB5FB0079BCF2 /* LoginRequest.swift in Sources */,
				771FB91A264EC0F70079BCF2 /* JoinResponse.swift in Sources */,
			);
			runOnlyForDeploymentPostprocessing = 0;
		};
/* End PBXSourcesBuildPhase section */

/* Begin PBXVariantGroup section */
		77924FFC26203AD9001E8003 /* Main.storyboard */ = {
			isa = PBXVariantGroup;
			children = (
				77924FFD26203AD9001E8003 /* Base */,
			);
			name = Main.storyboard;
			sourceTree = "<group>";
		};
		7792500126203ADB001E8003 /* LaunchScreen.storyboard */ = {
			isa = PBXVariantGroup;
			children = (
				7792500226203ADB001E8003 /* Base */,
			);
			name = LaunchScreen.storyboard;
			sourceTree = "<group>";
		};
/* End PBXVariantGroup section */

/* Begin XCBuildConfiguration section */
		7792500526203ADB001E8003 /* Debug */ = {
			isa = XCBuildConfiguration;
			buildSettings = {
				ALWAYS_SEARCH_USER_PATHS = NO;
				CLANG_ANALYZER_NONNULL = YES;
				CLANG_ANALYZER_NUMBER_OBJECT_CONVERSION = YES_AGGRESSIVE;
				CLANG_CXX_LANGUAGE_STANDARD = "gnu++14";
				CLANG_CXX_LIBRARY = "libc++";
				CLANG_ENABLE_MODULES = YES;
				CLANG_ENABLE_OBJC_ARC = YES;
				CLANG_ENABLE_OBJC_WEAK = YES;
				CLANG_WARN_BLOCK_CAPTURE_AUTORELEASING = YES;
				CLANG_WARN_BOOL_CONVERSION = YES;
				CLANG_WARN_COMMA = YES;
				CLANG_WARN_CONSTANT_CONVERSION = YES;
				CLANG_WARN_DEPRECATED_OBJC_IMPLEMENTATIONS = YES;
				CLANG_WARN_DIRECT_OBJC_ISA_USAGE = YES_ERROR;
				CLANG_WARN_DOCUMENTATION_COMMENTS = YES;
				CLANG_WARN_EMPTY_BODY = YES;
				CLANG_WARN_ENUM_CONVERSION = YES;
				CLANG_WARN_INFINITE_RECURSION = YES;
				CLANG_WARN_INT_CONVERSION = YES;
				CLANG_WARN_NON_LITERAL_NULL_CONVERSION = YES;
				CLANG_WARN_OBJC_IMPLICIT_RETAIN_SELF = YES;
				CLANG_WARN_OBJC_LITERAL_CONVERSION = YES;
				CLANG_WARN_OBJC_ROOT_CLASS = YES_ERROR;
				CLANG_WARN_QUOTED_INCLUDE_IN_FRAMEWORK_HEADER = YES;
				CLANG_WARN_RANGE_LOOP_ANALYSIS = YES;
				CLANG_WARN_STRICT_PROTOTYPES = YES;
				CLANG_WARN_SUSPICIOUS_MOVE = YES;
				CLANG_WARN_UNGUARDED_AVAILABILITY = YES_AGGRESSIVE;
				CLANG_WARN_UNREACHABLE_CODE = YES;
				CLANG_WARN__DUPLICATE_METHOD_MATCH = YES;
				COPY_PHASE_STRIP = NO;
				DEBUG_INFORMATION_FORMAT = dwarf;
				ENABLE_STRICT_OBJC_MSGSEND = YES;
				ENABLE_TESTABILITY = YES;
				GCC_C_LANGUAGE_STANDARD = gnu11;
				GCC_DYNAMIC_NO_PIC = NO;
				GCC_NO_COMMON_BLOCKS = YES;
				GCC_OPTIMIZATION_LEVEL = 0;
				GCC_PREPROCESSOR_DEFINITIONS = (
					"DEBUG=1",
					"$(inherited)",
				);
				GCC_WARN_64_TO_32_BIT_CONVERSION = YES;
				GCC_WARN_ABOUT_RETURN_TYPE = YES_ERROR;
				GCC_WARN_UNDECLARED_SELECTOR = YES;
				GCC_WARN_UNINITIALIZED_AUTOS = YES_AGGRESSIVE;
				GCC_WARN_UNUSED_FUNCTION = YES;
				GCC_WARN_UNUSED_VARIABLE = YES;
				IPHONEOS_DEPLOYMENT_TARGET = 14.4;
				MTL_ENABLE_DEBUG_INFO = INCLUDE_SOURCE;
				MTL_FAST_MATH = YES;
				ONLY_ACTIVE_ARCH = YES;
				SDKROOT = iphoneos;
				SWIFT_ACTIVE_COMPILATION_CONDITIONS = DEBUG;
				SWIFT_OPTIMIZATION_LEVEL = "-Onone";
			};
			name = Debug;
		};
		7792500626203ADB001E8003 /* Release */ = {
			isa = XCBuildConfiguration;
			buildSettings = {
				ALWAYS_SEARCH_USER_PATHS = NO;
				CLANG_ANALYZER_NONNULL = YES;
				CLANG_ANALYZER_NUMBER_OBJECT_CONVERSION = YES_AGGRESSIVE;
				CLANG_CXX_LANGUAGE_STANDARD = "gnu++14";
				CLANG_CXX_LIBRARY = "libc++";
				CLANG_ENABLE_MODULES = YES;
				CLANG_ENABLE_OBJC_ARC = YES;
				CLANG_ENABLE_OBJC_WEAK = YES;
				CLANG_WARN_BLOCK_CAPTURE_AUTORELEASING = YES;
				CLANG_WARN_BOOL_CONVERSION = YES;
				CLANG_WARN_COMMA = YES;
				CLANG_WARN_CONSTANT_CONVERSION = YES;
				CLANG_WARN_DEPRECATED_OBJC_IMPLEMENTATIONS = YES;
				CLANG_WARN_DIRECT_OBJC_ISA_USAGE = YES_ERROR;
				CLANG_WARN_DOCUMENTATION_COMMENTS = YES;
				CLANG_WARN_EMPTY_BODY = YES;
				CLANG_WARN_ENUM_CONVERSION = YES;
				CLANG_WARN_INFINITE_RECURSION = YES;
				CLANG_WARN_INT_CONVERSION = YES;
				CLANG_WARN_NON_LITERAL_NULL_CONVERSION = YES;
				CLANG_WARN_OBJC_IMPLICIT_RETAIN_SELF = YES;
				CLANG_WARN_OBJC_LITERAL_CONVERSION = YES;
				CLANG_WARN_OBJC_ROOT_CLASS = YES_ERROR;
				CLANG_WARN_QUOTED_INCLUDE_IN_FRAMEWORK_HEADER = YES;
				CLANG_WARN_RANGE_LOOP_ANALYSIS = YES;
				CLANG_WARN_STRICT_PROTOTYPES = YES;
				CLANG_WARN_SUSPICIOUS_MOVE = YES;
				CLANG_WARN_UNGUARDED_AVAILABILITY = YES_AGGRESSIVE;
				CLANG_WARN_UNREACHABLE_CODE = YES;
				CLANG_WARN__DUPLICATE_METHOD_MATCH = YES;
				COPY_PHASE_STRIP = NO;
				DEBUG_INFORMATION_FORMAT = "dwarf-with-dsym";
				ENABLE_NS_ASSERTIONS = NO;
				ENABLE_STRICT_OBJC_MSGSEND = YES;
				GCC_C_LANGUAGE_STANDARD = gnu11;
				GCC_NO_COMMON_BLOCKS = YES;
				GCC_WARN_64_TO_32_BIT_CONVERSION = YES;
				GCC_WARN_ABOUT_RETURN_TYPE = YES_ERROR;
				GCC_WARN_UNDECLARED_SELECTOR = YES;
				GCC_WARN_UNINITIALIZED_AUTOS = YES_AGGRESSIVE;
				GCC_WARN_UNUSED_FUNCTION = YES;
				GCC_WARN_UNUSED_VARIABLE = YES;
				IPHONEOS_DEPLOYMENT_TARGET = 14.4;
				MTL_ENABLE_DEBUG_INFO = NO;
				MTL_FAST_MATH = YES;
				SDKROOT = iphoneos;
				SWIFT_COMPILATION_MODE = wholemodule;
				SWIFT_OPTIMIZATION_LEVEL = "-O";
				VALIDATE_PRODUCT = YES;
			};
			name = Release;
		};
		7792500826203ADB001E8003 /* Debug */ = {
			isa = XCBuildConfiguration;
			baseConfigurationReference = 227BE1D54B3B65ECCCB36905 /* Pods-SOPT_WEEK1.debug.xcconfig */;
			buildSettings = {
				ASSETCATALOG_COMPILER_APPICON_NAME = AppIcon;
				ASSETCATALOG_COMPILER_GLOBAL_ACCENT_COLOR_NAME = AccentColor;
				CODE_SIGN_STYLE = Automatic;
				DEVELOPMENT_TEAM = T3VFJ764ZC;
				INFOPLIST_FILE = SOPT_WEEK1/Info.plist;
				LD_RUNPATH_SEARCH_PATHS = (
					"$(inherited)",
					"@executable_path/Frameworks",
				);
				PRODUCT_BUNDLE_IDENTIFIER = "YJC.SOPT-WEEK1";
				PRODUCT_NAME = "$(TARGET_NAME)";
				SWIFT_VERSION = 5.0;
				TARGETED_DEVICE_FAMILY = "1,2";
			};
			name = Debug;
		};
		7792500926203ADB001E8003 /* Release */ = {
			isa = XCBuildConfiguration;
			baseConfigurationReference = 0930D6631B2DE81DFD4D4230 /* Pods-SOPT_WEEK1.release.xcconfig */;
			buildSettings = {
				ASSETCATALOG_COMPILER_APPICON_NAME = AppIcon;
				ASSETCATALOG_COMPILER_GLOBAL_ACCENT_COLOR_NAME = AccentColor;
				CODE_SIGN_STYLE = Automatic;
				DEVELOPMENT_TEAM = T3VFJ764ZC;
				INFOPLIST_FILE = SOPT_WEEK1/Info.plist;
				LD_RUNPATH_SEARCH_PATHS = (
					"$(inherited)",
					"@executable_path/Frameworks",
				);
				PRODUCT_BUNDLE_IDENTIFIER = "YJC.SOPT-WEEK1";
				PRODUCT_NAME = "$(TARGET_NAME)";
				SWIFT_VERSION = 5.0;
				TARGETED_DEVICE_FAMILY = "1,2";
			};
			name = Release;
		};
/* End XCBuildConfiguration section */

/* Begin XCConfigurationList section */
		77924FEE26203AD9001E8003 /* Build configuration list for PBXProject "SOPT_WEEK1" */ = {
			isa = XCConfigurationList;
			buildConfigurations = (
				7792500526203ADB001E8003 /* Debug */,
				7792500626203ADB001E8003 /* Release */,
			);
			defaultConfigurationIsVisible = 0;
			defaultConfigurationName = Release;
		};
		7792500726203ADB001E8003 /* Build configuration list for PBXNativeTarget "SOPT_WEEK1" */ = {
			isa = XCConfigurationList;
			buildConfigurations = (
				7792500826203ADB001E8003 /* Debug */,
				7792500926203ADB001E8003 /* Release */,
			);
			defaultConfigurationIsVisible = 0;
			defaultConfigurationName = Release;
		};
/* End XCConfigurationList section */
	};
	rootObject = 77924FEB26203AD9001E8003 /* Project object */;
}
